
Microsoft Visual Studio Solution File, Format Version 12.00
# Visual Studio 2012
Project("{FAE04EC0-301F-11D3-BF4B-00C04F79EFBC}") = "EQUItransfer", "EQUItransfer\EQUItransfer.csproj", "{B7A0801F-4B33-4ABD-B35E-D3BFF4A20B64}"
EndProject
Global
	GlobalSection(SolutionConfigurationPlatforms) = preSolution
		Debug|Any CPU = Debug|Any CPU
		Release|Any CPU = Release|Any CPU
	EndGlobalSection
	GlobalSection(ProjectConfigurationPlatforms) = postSolution
		{B7A0801F-4B33-4ABD-B35E-D3BFF4A20B64}.Debug|Any CPU.ActiveCfg = Debug|Any CPU
		{B7A0801F-4B33-4ABD-B35E-D3BFF4A20B64}.Debug|Any CPU.Build.0 = Debug|Any CPU
		{B7A0801F-4B33-4ABD-B35E-D3BFF4A20B64}.Release|Any CPU.ActiveCfg = Release|Any CPU
		{B7A0801F-4B33-4ABD-B35E-D3BFF4A20B64}.Release|Any CPU.Build.0 = Release|Any CPU
	EndGlobalSection
	GlobalSection(SolutionProperties) = preSolution
		HideSolutionNode = FALSE
	EndGlobalSection
EndGlobal
